
Microsoft Visual Studio Solution File, Format Version 12.00
# Visual Studio 15
VisualStudioVersion = 15.0.28307.168
MinimumVisualStudioVersion = 10.0.40219.1
Project("{FAE04EC0-301F-11D3-BF4B-00C04F79EFBC}") = "PrismWorkList", "PrismWorkList\PrismWorkList.csproj", "{64177B65-9047-46AC-83AB-3DA2A5834B33}"
EndProject
Project("{FAE04EC0-301F-11D3-BF4B-00C04F79EFBC}") = "PrismWorkList.Login", "PrismWorkList.Login\PrismWorkList.Login.csproj", "{FCB11ACE-A771-4642-AA3C-40B3BF1A7793}"
EndProject
Global
	GlobalSection(SolutionConfigurationPlatforms) = preSolution
		Debug|Any CPU = Debug|Any CPU
		Release|Any CPU = Release|Any CPU
	EndGlobalSection
	GlobalSection(ProjectConfigurationPlatforms) = postSolution
		{64177B65-9047-46AC-83AB-3DA2A5834B33}.Debug|Any CPU.ActiveCfg = Debug|Any CPU
		{64177B65-9047-46AC-83AB-3DA2A5834B33}.Debug|Any CPU.Build.0 = Debug|Any CPU
		{64177B65-9047-46AC-83AB-3DA2A5834B33}.Release|Any CPU.ActiveCfg = Release|Any CPU
		{64177B65-9047-46AC-83AB-3DA2A5834B33}.Release|Any CPU.Build.0 = Release|Any CPU
		{FCB11ACE-A771-4642-AA3C-40B3BF1A7793}.Debug|Any CPU.ActiveCfg = Debug|Any CPU
		{FCB11ACE-A771-4642-AA3C-40B3BF1A7793}.Debug|Any CPU.Build.0 = Debug|Any CPU
		{FCB11ACE-A771-4642-AA3C-40B3BF1A7793}.Release|Any CPU.ActiveCfg = Release|Any CPU
		{FCB11ACE-A771-4642-AA3C-40B3BF1A7793}.Release|Any CPU.Build.0 = Release|Any CPU
	EndGlobalSection
	GlobalSection(SolutionProperties) = preSolution
		HideSolutionNode = FALSE
	EndGlobalSection
	GlobalSection(ExtensibilityGlobals) = postSolution
		SolutionGuid = {AA9B4D6F-EE7B-46F1-B224-6382ECD9FD2D}
	EndGlobalSection
EndGlobal
