
Microsoft Visual Studio Solution File, Format Version 12.00
# Visual Studio 15
VisualStudioVersion = 15.0.28307.168
MinimumVisualStudioVersion = 10.0.40219.1
Project("{FAE04EC0-301F-11D3-BF4B-00C04F79EFBC}") = "PrismWorkList", "PrismWorkList\PrismWorkList.csproj", "{64177B65-9047-46AC-83AB-3DA2A5834B33}"
EndProject
Project("{FAE04EC0-301F-11D3-BF4B-00C04F79EFBC}") = "PrismWorkList.Login", "PrismWorkList.Login\PrismWorkList.Login.csproj", "{FCB11ACE-A771-4642-AA3C-40B3BF1A7793}"
EndProject
Project("{FAE04EC0-301F-11D3-BF4B-00C04F79EFBC}") = "PrismWorkList.Infrastructure", "PrismWorkList.infrastructure\PrismWorkList.Infrastructure.csproj", "{81E7F409-4722-4670-A9D6-43550A943D9F}"
EndProject
Project("{FAE04EC0-301F-11D3-BF4B-00C04F79EFBC}") = "PrismWorkList.WorkSpace", "PrismWorkList.WorkSpace\PrismWorkList.WorkSpace.csproj", "{01AD8EF2-A413-40A7-BB09-BBABD04CCA1C}"
EndProject
Project("{FAE04EC0-301F-11D3-BF4B-00C04F79EFBC}") = "PrismWorkList.Settings", "PrismWorkList.Settings\PrismWorkList.Settings.csproj", "{DCF92279-1299-4714-8ADB-1C02067EF69A}"
EndProject
Project("{FAE04EC0-301F-11D3-BF4B-00C04F79EFBC}") = "PrismWorkList.Domain", "PrismWorkList.Domain\PrismWorkList.Domain.csproj", "{04FE6F9F-6C92-44C0-AED6-31612E046C57}"
EndProject
Project("{00D1A9C2-B5F0-4AF3-8072-F6C62B433612}") = "PGTraining", "PGTraining\PGTraining.sqlproj", "{D4835046-3F46-4A28-BA9B-2664F2542F30}"
EndProject
Global
	GlobalSection(SolutionConfigurationPlatforms) = preSolution
		Debug|Any CPU = Debug|Any CPU
		Release|Any CPU = Release|Any CPU
	EndGlobalSection
	GlobalSection(ProjectConfigurationPlatforms) = postSolution
		{64177B65-9047-46AC-83AB-3DA2A5834B33}.Debug|Any CPU.ActiveCfg = Debug|Any CPU
		{64177B65-9047-46AC-83AB-3DA2A5834B33}.Debug|Any CPU.Build.0 = Debug|Any CPU
		{64177B65-9047-46AC-83AB-3DA2A5834B33}.Release|Any CPU.ActiveCfg = Release|Any CPU
		{64177B65-9047-46AC-83AB-3DA2A5834B33}.Release|Any CPU.Build.0 = Release|Any CPU
		{FCB11ACE-A771-4642-AA3C-40B3BF1A7793}.Debug|Any CPU.ActiveCfg = Debug|Any CPU
		{FCB11ACE-A771-4642-AA3C-40B3BF1A7793}.Debug|Any CPU.Build.0 = Debug|Any CPU
		{FCB11ACE-A771-4642-AA3C-40B3BF1A7793}.Release|Any CPU.ActiveCfg = Release|Any CPU
		{FCB11ACE-A771-4642-AA3C-40B3BF1A7793}.Release|Any CPU.Build.0 = Release|Any CPU
		{81E7F409-4722-4670-A9D6-43550A943D9F}.Debug|Any CPU.ActiveCfg = Debug|Any CPU
		{81E7F409-4722-4670-A9D6-43550A943D9F}.Debug|Any CPU.Build.0 = Debug|Any CPU
		{81E7F409-4722-4670-A9D6-43550A943D9F}.Release|Any CPU.ActiveCfg = Release|Any CPU
		{81E7F409-4722-4670-A9D6-43550A943D9F}.Release|Any CPU.Build.0 = Release|Any CPU
		{01AD8EF2-A413-40A7-BB09-BBABD04CCA1C}.Debug|Any CPU.ActiveCfg = Debug|Any CPU
		{01AD8EF2-A413-40A7-BB09-BBABD04CCA1C}.Debug|Any CPU.Build.0 = Debug|Any CPU
		{01AD8EF2-A413-40A7-BB09-BBABD04CCA1C}.Release|Any CPU.ActiveCfg = Release|Any CPU
		{01AD8EF2-A413-40A7-BB09-BBABD04CCA1C}.Release|Any CPU.Build.0 = Release|Any CPU
		{DCF92279-1299-4714-8ADB-1C02067EF69A}.Debug|Any CPU.ActiveCfg = Debug|Any CPU
		{DCF92279-1299-4714-8ADB-1C02067EF69A}.Debug|Any CPU.Build.0 = Debug|Any CPU
		{DCF92279-1299-4714-8ADB-1C02067EF69A}.Release|Any CPU.ActiveCfg = Release|Any CPU
		{DCF92279-1299-4714-8ADB-1C02067EF69A}.Release|Any CPU.Build.0 = Release|Any CPU
		{04FE6F9F-6C92-44C0-AED6-31612E046C57}.Debug|Any CPU.ActiveCfg = Debug|Any CPU
		{04FE6F9F-6C92-44C0-AED6-31612E046C57}.Debug|Any CPU.Build.0 = Debug|Any CPU
		{04FE6F9F-6C92-44C0-AED6-31612E046C57}.Release|Any CPU.ActiveCfg = Release|Any CPU
		{04FE6F9F-6C92-44C0-AED6-31612E046C57}.Release|Any CPU.Build.0 = Release|Any CPU
		{D4835046-3F46-4A28-BA9B-2664F2542F30}.Debug|Any CPU.ActiveCfg = Debug|Any CPU
		{D4835046-3F46-4A28-BA9B-2664F2542F30}.Debug|Any CPU.Build.0 = Debug|Any CPU
		{D4835046-3F46-4A28-BA9B-2664F2542F30}.Debug|Any CPU.Deploy.0 = Debug|Any CPU
		{D4835046-3F46-4A28-BA9B-2664F2542F30}.Release|Any CPU.ActiveCfg = Release|Any CPU
		{D4835046-3F46-4A28-BA9B-2664F2542F30}.Release|Any CPU.Build.0 = Release|Any CPU
		{D4835046-3F46-4A28-BA9B-2664F2542F30}.Release|Any CPU.Deploy.0 = Release|Any CPU
	EndGlobalSection
	GlobalSection(SolutionProperties) = preSolution
		HideSolutionNode = FALSE
	EndGlobalSection
	GlobalSection(ExtensibilityGlobals) = postSolution
		SolutionGuid = {AA9B4D6F-EE7B-46F1-B224-6382ECD9FD2D}
	EndGlobalSection
EndGlobal
